github.com/szyhf/go-convert v1.0.0 h1:L49o5JLMPzXYRggFqwNEzDw1gAQktpyWfKZqcPzEmX8=
github.com/szyhf/go-convert v1.0.0/go.mod h1:BgotSGjAF33Z4fcU/fe8OPYZoo6mKiBiKvJ+FVih5UM=
github.com/szyhf/go-excel v1.4.5 h1:mX23Y7H1+xKyjTv07R6EQlIMtXnuS0YG1WiJ7rMi4qQ=
github.com/szyhf/go-excel v1.4.5/go.mod h1:t93K0cARJ4w6BIv2BTeB7eN4n4x/8oUYFaU+Rx4j8C4=
